
Microsoft Visual Studio Solution File, Format Version 12.00
# Visual Studio 15
VisualStudioVersion = 15.0.26124.0
MinimumVisualStudioVersion = 15.0.26124.0
Project("{2150E333-8FDC-42A3-9474-1A3956D46DE8}") = "src", "src", "{580C0CB6-C49A-4C31-8FF3-15C9CAF852D1}"
EndProject
Project("{FAE04EC0-301F-11D3-BF4B-00C04F79EFBC}") = "GradeBook", "src\GradeBook\GradeBook.csproj", "{ED780B65-0F21-4E7C-BBF5-903138C26159}"
EndProject
Project("{2150E333-8FDC-42A3-9474-1A3956D46DE8}") = "test", "test", "{F55C8CAC-33C1-493A-B29C-DB70C8A34F9D}"
EndProject
Project("{FAE04EC0-301F-11D3-BF4B-00C04F79EFBC}") = "GradeBook.Tests", "test\GradeBook.Tests\GradeBook.Tests.csproj", "{7C3137FD-D607-4847-ACD7-618EB8ECFCF5}"
EndProject
Global
	GlobalSection(SolutionConfigurationPlatforms) = preSolution
		Debug|Any CPU = Debug|Any CPU
		Debug|x64 = Debug|x64
		Debug|x86 = Debug|x86
		Release|Any CPU = Release|Any CPU
		Release|x64 = Release|x64
		Release|x86 = Release|x86
	EndGlobalSection
	GlobalSection(SolutionProperties) = preSolution
		HideSolutionNode = FALSE
	EndGlobalSection
	GlobalSection(ProjectConfigurationPlatforms) = postSolution
		{ED780B65-0F21-4E7C-BBF5-903138C26159}.Debug|Any CPU.ActiveCfg = Debug|Any CPU
		{ED780B65-0F21-4E7C-BBF5-903138C26159}.Debug|Any CPU.Build.0 = Debug|Any CPU
		{ED780B65-0F21-4E7C-BBF5-903138C26159}.Debug|x64.ActiveCfg = Debug|Any CPU
		{ED780B65-0F21-4E7C-BBF5-903138C26159}.Debug|x64.Build.0 = Debug|Any CPU
		{ED780B65-0F21-4E7C-BBF5-903138C26159}.Debug|x86.ActiveCfg = Debug|Any CPU
		{ED780B65-0F21-4E7C-BBF5-903138C26159}.Debug|x86.Build.0 = Debug|Any CPU
		{ED780B65-0F21-4E7C-BBF5-903138C26159}.Release|Any CPU.ActiveCfg = Release|Any CPU
		{ED780B65-0F21-4E7C-BBF5-903138C26159}.Release|Any CPU.Build.0 = Release|Any CPU
		{ED780B65-0F21-4E7C-BBF5-903138C26159}.Release|x64.ActiveCfg = Release|Any CPU
		{ED780B65-0F21-4E7C-BBF5-903138C26159}.Release|x64.Build.0 = Release|Any CPU
		{ED780B65-0F21-4E7C-BBF5-903138C26159}.Release|x86.ActiveCfg = Release|Any CPU
		{ED780B65-0F21-4E7C-BBF5-903138C26159}.Release|x86.Build.0 = Release|Any CPU
		{7C3137FD-D607-4847-ACD7-618EB8ECFCF5}.Debug|Any CPU.ActiveCfg = Debug|Any CPU
		{7C3137FD-D607-4847-ACD7-618EB8ECFCF5}.Debug|Any CPU.Build.0 = Debug|Any CPU
		{7C3137FD-D607-4847-ACD7-618EB8ECFCF5}.Debug|x64.ActiveCfg = Debug|Any CPU
		{7C3137FD-D607-4847-ACD7-618EB8ECFCF5}.Debug|x64.Build.0 = Debug|Any CPU
		{7C3137FD-D607-4847-ACD7-618EB8ECFCF5}.Debug|x86.ActiveCfg = Debug|Any CPU
		{7C3137FD-D607-4847-ACD7-618EB8ECFCF5}.Debug|x86.Build.0 = Debug|Any CPU
		{7C3137FD-D607-4847-ACD7-618EB8ECFCF5}.Release|Any CPU.ActiveCfg = Release|Any CPU
		{7C3137FD-D607-4847-ACD7-618EB8ECFCF5}.Release|Any CPU.Build.0 = Release|Any CPU
		{7C3137FD-D607-4847-ACD7-618EB8ECFCF5}.Release|x64.ActiveCfg = Release|Any CPU
		{7C3137FD-D607-4847-ACD7-618EB8ECFCF5}.Release|x64.Build.0 = Release|Any CPU
		{7C3137FD-D607-4847-ACD7-618EB8ECFCF5}.Release|x86.ActiveCfg = Release|Any CPU
		{7C3137FD-D607-4847-ACD7-618EB8ECFCF5}.Release|x86.Build.0 = Release|Any CPU
	EndGlobalSection
	GlobalSection(NestedProjects) = preSolution
		{ED780B65-0F21-4E7C-BBF5-903138C26159} = {580C0CB6-C49A-4C31-8FF3-15C9CAF852D1}
		{7C3137FD-D607-4847-ACD7-618EB8ECFCF5} = {F55C8CAC-33C1-493A-B29C-DB70C8A34F9D}
	EndGlobalSection
EndGlobal
